<?xml version="1.0" encoding="utf-8"?>
<Project ToolsVersion="14.0" xmlns="http://schemas.microsoft.com/developer/msbuild/2003">
  <ItemGroup>
    <ClCompile Include="C:\Users\Administrator\Desktop\sysbench-0.5New\sysbench-0.5\sysbench\scripting\sb_script.c">
      <Filter>Source Files</Filter>
    </ClCompile>
    <ClCompile Include="C:\Users\Administrator\Desktop\sysbench-0.5New\sysbench-0.5\sysbench\scripting\script_lua.c">
      <Filter>Source Files</Filter>
    </ClCompile>
  </ItemGroup>
  <ItemGroup>
    <ClInclude Include="C:\Users\Administrator\Desktop\sysbench-0.5New\sysbench-0.5\sysbench\scripting\sb_script.h">
      <Filter>Header Files</Filter>
    </ClInclude>
    <ClInclude Include="C:\Users\Administrator\Desktop\sysbench-0.5New\sysbench-0.5\sysbench\scripting\script_lua.h">
      <Filter>Header Files</Filter>
    </ClInclude>
  </ItemGroup>
  <ItemGroup>
    <CustomBuild Include="C:\Users\Administrator\Desktop\sysbench-0.5New\sysbench-0.5\sysbench\scripting\CMakeLists.txt" />
  </ItemGroup>
  <ItemGroup>
    <Filter Include="Header Files">
      <UniqueIdentifier>{117B399D-C4BD-38AF-AAAD-787D62F90963}</UniqueIdentifier>
    </Filter>
    <Filter Include="Source Files">
      <UniqueIdentifier>{62BDA699-09DE-39C6-9DC6-9F98E04B774D}</UniqueIdentifier>
    </Filter>
  </ItemGroup>
</Project>
