<?xml version="1.0" encoding="utf-8"?>
<Project ToolsVersion="14.0" xmlns="http://schemas.microsoft.com/developer/msbuild/2003">
  <ItemGroup>
    <ClCompile Include="C:\Users\Administrator\Desktop\sysbench-0.5New\sysbench-0.5\sysbench\scripting\lua\src\lapi.c">
      <Filter>Source Files</Filter>
    </ClCompile>
    <ClCompile Include="C:\Users\Administrator\Desktop\sysbench-0.5New\sysbench-0.5\sysbench\scripting\lua\src\lcode.c">
      <Filter>Source Files</Filter>
    </ClCompile>
    <ClCompile Include="C:\Users\Administrator\Desktop\sysbench-0.5New\sysbench-0.5\sysbench\scripting\lua\src\ldebug.c">
      <Filter>Source Files</Filter>
    </ClCompile>
    <ClCompile Include="C:\Users\Administrator\Desktop\sysbench-0.5New\sysbench-0.5\sysbench\scripting\lua\src\ldo.c">
      <Filter>Source Files</Filter>
    </ClCompile>
    <ClCompile Include="C:\Users\Administrator\Desktop\sysbench-0.5New\sysbench-0.5\sysbench\scripting\lua\src\ldump.c">
      <Filter>Source Files</Filter>
    </ClCompile>
    <ClCompile Include="C:\Users\Administrator\Desktop\sysbench-0.5New\sysbench-0.5\sysbench\scripting\lua\src\lfunc.c">
      <Filter>Source Files</Filter>
    </ClCompile>
    <ClCompile Include="C:\Users\Administrator\Desktop\sysbench-0.5New\sysbench-0.5\sysbench\scripting\lua\src\lgc.c">
      <Filter>Source Files</Filter>
    </ClCompile>
    <ClCompile Include="C:\Users\Administrator\Desktop\sysbench-0.5New\sysbench-0.5\sysbench\scripting\lua\src\llex.c">
      <Filter>Source Files</Filter>
    </ClCompile>
    <ClCompile Include="C:\Users\Administrator\Desktop\sysbench-0.5New\sysbench-0.5\sysbench\scripting\lua\src\lmem.c">
      <Filter>Source Files</Filter>
    </ClCompile>
    <ClCompile Include="C:\Users\Administrator\Desktop\sysbench-0.5New\sysbench-0.5\sysbench\scripting\lua\src\lobject.c">
      <Filter>Source Files</Filter>
    </ClCompile>
    <ClCompile Include="C:\Users\Administrator\Desktop\sysbench-0.5New\sysbench-0.5\sysbench\scripting\lua\src\lopcodes.c">
      <Filter>Source Files</Filter>
    </ClCompile>
    <ClCompile Include="C:\Users\Administrator\Desktop\sysbench-0.5New\sysbench-0.5\sysbench\scripting\lua\src\lparser.c">
      <Filter>Source Files</Filter>
    </ClCompile>
    <ClCompile Include="C:\Users\Administrator\Desktop\sysbench-0.5New\sysbench-0.5\sysbench\scripting\lua\src\lstate.c">
      <Filter>Source Files</Filter>
    </ClCompile>
    <ClCompile Include="C:\Users\Administrator\Desktop\sysbench-0.5New\sysbench-0.5\sysbench\scripting\lua\src\lstring.c">
      <Filter>Source Files</Filter>
    </ClCompile>
    <ClCompile Include="C:\Users\Administrator\Desktop\sysbench-0.5New\sysbench-0.5\sysbench\scripting\lua\src\ltable.c">
      <Filter>Source Files</Filter>
    </ClCompile>
    <ClCompile Include="C:\Users\Administrator\Desktop\sysbench-0.5New\sysbench-0.5\sysbench\scripting\lua\src\ltm.c">
      <Filter>Source Files</Filter>
    </ClCompile>
    <ClCompile Include="C:\Users\Administrator\Desktop\sysbench-0.5New\sysbench-0.5\sysbench\scripting\lua\src\lundump.c">
      <Filter>Source Files</Filter>
    </ClCompile>
    <ClCompile Include="C:\Users\Administrator\Desktop\sysbench-0.5New\sysbench-0.5\sysbench\scripting\lua\src\lvm.c">
      <Filter>Source Files</Filter>
    </ClCompile>
    <ClCompile Include="C:\Users\Administrator\Desktop\sysbench-0.5New\sysbench-0.5\sysbench\scripting\lua\src\lzio.c">
      <Filter>Source Files</Filter>
    </ClCompile>
    <ClCompile Include="C:\Users\Administrator\Desktop\sysbench-0.5New\sysbench-0.5\sysbench\scripting\lua\src\lauxlib.c">
      <Filter>Source Files</Filter>
    </ClCompile>
    <ClCompile Include="C:\Users\Administrator\Desktop\sysbench-0.5New\sysbench-0.5\sysbench\scripting\lua\src\lbaselib.c">
      <Filter>Source Files</Filter>
    </ClCompile>
    <ClCompile Include="C:\Users\Administrator\Desktop\sysbench-0.5New\sysbench-0.5\sysbench\scripting\lua\src\ldblib.c">
      <Filter>Source Files</Filter>
    </ClCompile>
    <ClCompile Include="C:\Users\Administrator\Desktop\sysbench-0.5New\sysbench-0.5\sysbench\scripting\lua\src\liolib.c">
      <Filter>Source Files</Filter>
    </ClCompile>
    <ClCompile Include="C:\Users\Administrator\Desktop\sysbench-0.5New\sysbench-0.5\sysbench\scripting\lua\src\lmathlib.c">
      <Filter>Source Files</Filter>
    </ClCompile>
    <ClCompile Include="C:\Users\Administrator\Desktop\sysbench-0.5New\sysbench-0.5\sysbench\scripting\lua\src\loslib.c">
      <Filter>Source Files</Filter>
    </ClCompile>
    <ClCompile Include="C:\Users\Administrator\Desktop\sysbench-0.5New\sysbench-0.5\sysbench\scripting\lua\src\ltablib.c">
      <Filter>Source Files</Filter>
    </ClCompile>
    <ClCompile Include="C:\Users\Administrator\Desktop\sysbench-0.5New\sysbench-0.5\sysbench\scripting\lua\src\lstrlib.c">
      <Filter>Source Files</Filter>
    </ClCompile>
    <ClCompile Include="C:\Users\Administrator\Desktop\sysbench-0.5New\sysbench-0.5\sysbench\scripting\lua\src\loadlib.c">
      <Filter>Source Files</Filter>
    </ClCompile>
    <ClCompile Include="C:\Users\Administrator\Desktop\sysbench-0.5New\sysbench-0.5\sysbench\scripting\lua\src\linit.c">
      <Filter>Source Files</Filter>
    </ClCompile>
  </ItemGroup>
  <ItemGroup>
    <ClInclude Include="C:\Users\Administrator\Desktop\sysbench-0.5New\sysbench-0.5\sysbench\scripting\lua\src\lapi.h">
      <Filter>Header Files</Filter>
    </ClInclude>
    <ClInclude Include="C:\Users\Administrator\Desktop\sysbench-0.5New\sysbench-0.5\sysbench\scripting\lua\src\lcode.h">
      <Filter>Header Files</Filter>
    </ClInclude>
    <ClInclude Include="C:\Users\Administrator\Desktop\sysbench-0.5New\sysbench-0.5\sysbench\scripting\lua\src\ldo.h">
      <Filter>Header Files</Filter>
    </ClInclude>
    <ClInclude Include="C:\Users\Administrator\Desktop\sysbench-0.5New\sysbench-0.5\sysbench\scripting\lua\src\lgc.h">
      <Filter>Header Files</Filter>
    </ClInclude>
    <ClInclude Include="C:\Users\Administrator\Desktop\sysbench-0.5New\sysbench-0.5\sysbench\scripting\lua\src\llimits.h">
      <Filter>Header Files</Filter>
    </ClInclude>
    <ClInclude Include="C:\Users\Administrator\Desktop\sysbench-0.5New\sysbench-0.5\sysbench\scripting\lua\src\lobject.h">
      <Filter>Header Files</Filter>
    </ClInclude>
    <ClInclude Include="C:\Users\Administrator\Desktop\sysbench-0.5New\sysbench-0.5\sysbench\scripting\lua\src\lparser.h">
      <Filter>Header Files</Filter>
    </ClInclude>
    <ClInclude Include="C:\Users\Administrator\Desktop\sysbench-0.5New\sysbench-0.5\sysbench\scripting\lua\src\lstring.h">
      <Filter>Header Files</Filter>
    </ClInclude>
    <ClInclude Include="C:\Users\Administrator\Desktop\sysbench-0.5New\sysbench-0.5\sysbench\scripting\lua\src\ltm.h">
      <Filter>Header Files</Filter>
    </ClInclude>
    <ClInclude Include="C:\Users\Administrator\Desktop\sysbench-0.5New\sysbench-0.5\sysbench\scripting\lua\src\luaconf.h">
      <Filter>Header Files</Filter>
    </ClInclude>
    <ClInclude Include="C:\Users\Administrator\Desktop\sysbench-0.5New\sysbench-0.5\sysbench\scripting\lua\src\lundump.h">
      <Filter>Header Files</Filter>
    </ClInclude>
    <ClInclude Include="C:\Users\Administrator\Desktop\sysbench-0.5New\sysbench-0.5\sysbench\scripting\lua\src\lzio.h">
      <Filter>Header Files</Filter>
    </ClInclude>
    <ClInclude Include="C:\Users\Administrator\Desktop\sysbench-0.5New\sysbench-0.5\sysbench\scripting\lua\src\lauxlib.h">
      <Filter>Header Files</Filter>
    </ClInclude>
    <ClInclude Include="C:\Users\Administrator\Desktop\sysbench-0.5New\sysbench-0.5\sysbench\scripting\lua\src\ldebug.h">
      <Filter>Header Files</Filter>
    </ClInclude>
    <ClInclude Include="C:\Users\Administrator\Desktop\sysbench-0.5New\sysbench-0.5\sysbench\scripting\lua\src\lfunc.h">
      <Filter>Header Files</Filter>
    </ClInclude>
    <ClInclude Include="C:\Users\Administrator\Desktop\sysbench-0.5New\sysbench-0.5\sysbench\scripting\lua\src\llex.h">
      <Filter>Header Files</Filter>
    </ClInclude>
    <ClInclude Include="C:\Users\Administrator\Desktop\sysbench-0.5New\sysbench-0.5\sysbench\scripting\lua\src\lmem.h">
      <Filter>Header Files</Filter>
    </ClInclude>
    <ClInclude Include="C:\Users\Administrator\Desktop\sysbench-0.5New\sysbench-0.5\sysbench\scripting\lua\src\lopcodes.h">
      <Filter>Header Files</Filter>
    </ClInclude>
    <ClInclude Include="C:\Users\Administrator\Desktop\sysbench-0.5New\sysbench-0.5\sysbench\scripting\lua\src\lstate.h">
      <Filter>Header Files</Filter>
    </ClInclude>
    <ClInclude Include="C:\Users\Administrator\Desktop\sysbench-0.5New\sysbench-0.5\sysbench\scripting\lua\src\ltable.h">
      <Filter>Header Files</Filter>
    </ClInclude>
    <ClInclude Include="C:\Users\Administrator\Desktop\sysbench-0.5New\sysbench-0.5\sysbench\scripting\lua\src\lua.h">
      <Filter>Header Files</Filter>
    </ClInclude>
    <ClInclude Include="C:\Users\Administrator\Desktop\sysbench-0.5New\sysbench-0.5\sysbench\scripting\lua\src\lualib.h">
      <Filter>Header Files</Filter>
    </ClInclude>
    <ClInclude Include="C:\Users\Administrator\Desktop\sysbench-0.5New\sysbench-0.5\sysbench\scripting\lua\src\lvm.h">
      <Filter>Header Files</Filter>
    </ClInclude>
  </ItemGroup>
  <ItemGroup>
    <CustomBuild Include="C:\Users\Administrator\Desktop\sysbench-0.5New\sysbench-0.5\sysbench\scripting\lua\src\CMakeLists.txt" />
  </ItemGroup>
  <ItemGroup>
    <Filter Include="Header Files">
      <UniqueIdentifier>{117B399D-C4BD-38AF-AAAD-787D62F90963}</UniqueIdentifier>
    </Filter>
    <Filter Include="Source Files">
      <UniqueIdentifier>{62BDA699-09DE-39C6-9DC6-9F98E04B774D}</UniqueIdentifier>
    </Filter>
  </ItemGroup>
</Project>
